// !$*UTF8*$!
{
	archiveVersion = 1;
	classes = {
	};
	objectVersion = 46;
	objects = {

/* Begin PBXBuildFile section */
		8266CA311F72A1F10096BA3A /* AppDelegate.swift in Sources */ = {isa = PBXBuildFile; fileRef = 8266CA301F72A1F10096BA3A /* AppDelegate.swift */; };
		8266CA331F72A1F10096BA3A /* ViewController.swift in Sources */ = {isa = PBXBuildFile; fileRef = 8266CA321F72A1F10096BA3A /* ViewController.swift */; };
		8266CA361F72A1F10096BA3A /* Main.storyboard in Resources */ = {isa = PBXBuildFile; fileRef = 8266CA341F72A1F10096BA3A /* Main.storyboard */; };
		8266CA381F72A1F10096BA3A /* Assets.xcassets in Resources */ = {isa = PBXBuildFile; fileRef = 8266CA371F72A1F10096BA3A /* Assets.xcassets */; };
		8266CA3B1F72A1F10096BA3A /* LaunchScreen.storyboard in Resources */ = {isa = PBXBuildFile; fileRef = 8266CA391F72A1F10096BA3A /* LaunchScreen.storyboard */; };
		8266CA4B1F72D3700096BA3A /* Strings+Utils.swift in Sources */ = {isa = PBXBuildFile; fileRef = 8266CA4A1F72D3700096BA3A /* Strings+Utils.swift */; };
		8266CA4D1F72D5E70096BA3A /* UIColor+Utils.swift in Sources */ = {isa = PBXBuildFile; fileRef = 8266CA4C1F72D5E70096BA3A /* UIColor+Utils.swift */; };
/* End PBXBuildFile section */

/* Begin PBXFileReference section */
		8266CA2D1F72A1F10096BA3A /* StringValidation.app */ = {isa = PBXFileReference; explicitFileType = wrapper.application; includeInIndex = 0; path = StringValidation.app; sourceTree = BUILT_PRODUCTS_DIR; };
		8266CA301F72A1F10096BA3A /* AppDelegate.swift */ = {isa = PBXFileReference; lastKnownFileType = sourcecode.swift; path = AppDelegate.swift; sourceTree = "<group>"; };
		8266CA321F72A1F10096BA3A /* ViewController.swift */ = {isa = PBXFileReference; lastKnownFileType = sourcecode.swift; path = ViewController.swift; sourceTree = "<group>"; };
		8266CA351F72A1F10096BA3A /* Base */ = {isa = PBXFileReference; lastKnownFileType = file.storyboard; name = Base; path = Base.lproj/Main.storyboard; sourceTree = "<group>"; };
		8266CA371F72A1F10096BA3A /* Assets.xcassets */ = {isa = PBXFileReference; lastKnownFileType = folder.assetcatalog; path = Assets.xcassets; sourceTree = "<group>"; };
		8266CA3A1F72A1F10096BA3A /* Base */ = {isa = PBXFileReference; lastKnownFileType = file.storyboard; name = Base; path = Base.lproj/LaunchScreen.storyboard; sourceTree = "<group>"; };
		8266CA3C1F72A1F10096BA3A /* Info.plist */ = {isa = PBXFileReference; lastKnownFileType = text.plist.xml; path = Info.plist; sourceTree = "<group>"; };
		8266CA4A1F72D3700096BA3A /* Strings+Utils.swift */ = {isa = PBXFileReference; fileEncoding = 4; lastKnownFileType = sourcecode.swift; path = "Strings+Utils.swift"; sourceTree = "<group>"; };
		8266CA4C1F72D5E70096BA3A /* UIColor+Utils.swift */ = {isa = PBXFileReference; fileEncoding = 4; lastKnownFileType = sourcecode.swift; path = "UIColor+Utils.swift"; sourceTree = "<group>"; };
/* End PBXFileReference section */

/* Begin PBXFrameworksBuildPhase section */
		8266CA2A1F72A1F10096BA3A /* Frameworks */ = {
			isa = PBXFrameworksBuildPhase;
			buildActionMask = 2147483647;
			files = (
			);
			runOnlyForDeploymentPostprocessing = 0;
		};
/* End PBXFrameworksBuildPhase section */

/* Begin PBXGroup section */
		8266CA241F72A1F10096BA3A = {
			isa = PBXGroup;
			children = (
				8266CA2F1F72A1F10096BA3A /* StringValidation */,
				8266CA2E1F72A1F10096BA3A /* Products */,
			);
			sourceTree = "<group>";
		};
		8266CA2E1F72A1F10096BA3A /* Products */ = {
			isa = PBXGroup;
			children = (
				8266CA2D1F72A1F10096BA3A /* StringValidation.app */,
			);
			name = Products;
			sourceTree = "<group>";
		};
		8266CA2F1F72A1F10096BA3A /* StringValidation */ = {
			isa = PBXGroup;
			children = (
				8266CA491F72D35C0096BA3A /* Extensions */,
				8266CA301F72A1F10096BA3A /* AppDelegate.swift */,
				8266CA321F72A1F10096BA3A /* ViewController.swift */,
				8266CA341F72A1F10096BA3A /* Main.storyboard */,
				8266CA371F72A1F10096BA3A /* Assets.xcassets */,
				8266CA391F72A1F10096BA3A /* LaunchScreen.storyboard */,
				8266CA3C1F72A1F10096BA3A /* Info.plist */,
			);
			path = StringValidation;
			sourceTree = "<group>";
		};
		8266CA491F72D35C0096BA3A /* Extensions */ = {
			isa = PBXGroup;
			children = (
				8266CA4A1F72D3700096BA3A /* Strings+Utils.swift */,
				8266CA4C1F72D5E70096BA3A /* UIColor+Utils.swift */,
			);
			name = Extensions;
			sourceTree = "<group>";
		};
/* End PBXGroup section */

/* Begin PBXNativeTarget section */
		8266CA2C1F72A1F10096BA3A /* StringValidation */ = {
			isa = PBXNativeTarget;
			buildConfigurationList = 8266CA3F1F72A1F10096BA3A /* Build configuration list for PBXNativeTarget "StringValidation" */;
			buildPhases = (
				8266CA291F72A1F10096BA3A /* Sources */,
				8266CA2A1F72A1F10096BA3A /* Frameworks */,
				8266CA2B1F72A1F10096BA3A /* Resources */,
			);
			buildRules = (
			);
			dependencies = (
			);
			name = StringValidation;
			productName = StringValidation;
			productReference = 8266CA2D1F72A1F10096BA3A /* StringValidation.app */;
			productType = "com.apple.product-type.application";
		};
/* End PBXNativeTarget section */

/* Begin PBXProject section */
		8266CA251F72A1F10096BA3A /* Project object */ = {
			isa = PBXProject;
			attributes = {
				LastSwiftUpdateCheck = 0830;
				LastUpgradeCheck = 0830;
				ORGANIZATIONNAME = MAS;
				TargetAttributes = {
					8266CA2C1F72A1F10096BA3A = {
						CreatedOnToolsVersion = 8.3.3;
						DevelopmentTeam = 5U294U2N56;
						ProvisioningStyle = Automatic;
					};
				};
			};
			buildConfigurationList = 8266CA281F72A1F10096BA3A /* Build configuration list for PBXProject "StringValidation" */;
			compatibilityVersion = "Xcode 3.2";
			developmentRegion = English;
			hasScannedForEncodings = 0;
			knownRegions = (
				en,
				Base,
			);
			mainGroup = 8266CA241F72A1F10096BA3A;
			productRefGroup = 8266CA2E1F72A1F10096BA3A /* Products */;
			projectDirPath = "";
			projectRoot = "";
			targets = (
				8266CA2C1F72A1F10096BA3A /* StringValidation */,
			);
		};
/* End PBXProject section */

/* Begin PBXResourcesBuildPhase section */
		8266CA2B1F72A1F10096BA3A /* Resources */ = {
			isa = PBXResourcesBuildPhase;
			buildActionMask = 2147483647;
			files = (
				8266CA3B1F72A1F10096BA3A /* LaunchScreen.storyboard in Resources */,
				8266CA381F72A1F10096BA3A /* Assets.xcassets in Resources */,
				8266CA361F72A1F10096BA3A /* Main.storyboard in Resources */,
			);
			runOnlyForDeploymentPostprocessing = 0;
		};
/* End PBXResourcesBuildPhase section */

/* Begin PBXSourcesBuildPhase section */
		8266CA291F72A1F10096BA3A /* Sources */ = {
			isa = PBXSourcesBuildPhase;
			buildActionMask = 2147483647;
			files = (
				8266CA331F72A1F10096BA3A /* ViewController.swift in Sources */,
				8266CA311F72A1F10096BA3A /* AppDelegate.swift in Sources */,
				8266CA4B1F72D3700096BA3A /* Strings+Utils.swift in Sources */,
				8266CA4D1F72D5E70096BA3A /* UIColor+Utils.swift in Sources */,
			);
			runOnlyForDeploymentPostprocessing = 0;
		};
/* End PBXSourcesBuildPhase section */

/* Begin PBXVariantGroup section */
		8266CA341F72A1F10096BA3A /* Main.storyboard */ = {
			isa = PBXVariantGroup;
			children = (
				8266CA351F72A1F10096BA3A /* Base */,
			);
			name = Main.storyboard;
			sourceTree = "<group>";
		};
		8266CA391F72A1F10096BA3A /* LaunchScreen.storyboard */ = {
			isa = PBXVariantGroup;
			children = (
				8266CA3A1F72A1F10096BA3A /* Base */,
			);
			name = LaunchScreen.storyboard;
			sourceTree = "<group>";
		};
/* End PBXVariantGroup section */

/* Begin XCBuildConfiguration section */
		8266CA3D1F72A1F10096BA3A /* Debug */ = {
			isa = XCBuildConfiguration;
			buildSettings = {
				ALWAYS_SEARCH_USER_PATHS = NO;
				CLANG_ANALYZER_NONNULL = YES;
				CLANG_ANALYZER_NUMBER_OBJECT_CONVERSION = YES_AGGRESSIVE;
				CLANG_CXX_LANGUAGE_STANDARD = "gnu++0x";
				CLANG_CXX_LIBRARY = "libc++";
				CLANG_ENABLE_MODULES = YES;
				CLANG_ENABLE_OBJC_ARC = YES;
				CLANG_WARN_BOOL_CONVERSION = YES;
				CLANG_WARN_CONSTANT_CONVERSION = YES;
				CLANG_WARN_DIRECT_OBJC_ISA_USAGE = YES_ERROR;
				CLANG_WARN_DOCUMENTATION_COMMENTS = YES;
				CLANG_WARN_EMPTY_BODY = YES;
				CLANG_WARN_ENUM_CONVERSION = YES;
				CLANG_WARN_INFINITE_RECURSION = YES;
				CLANG_WARN_INT_CONVERSION = YES;
				CLANG_WARN_OBJC_ROOT_CLASS = YES_ERROR;
				CLANG_WARN_SUSPICIOUS_MOVE = YES;
				CLANG_WARN_UNREACHABLE_CODE = YES;
				CLANG_WARN__DUPLICATE_METHOD_MATCH = YES;
				"CODE_SIGN_IDENTITY[sdk=iphoneos*]" = "iPhone Developer";
				COPY_PHASE_STRIP = NO;
				DEBUG_INFORMATION_FORMAT = dwarf;
				ENABLE_STRICT_OBJC_MSGSEND = YES;
				ENABLE_TESTABILITY = YES;
				GCC_C_LANGUAGE_STANDARD = gnu99;
				GCC_DYNAMIC_NO_PIC = NO;
				GCC_NO_COMMON_BLOCKS = YES;
				GCC_OPTIMIZATION_LEVEL = 0;
				GCC_PREPROCESSOR_DEFINITIONS = (
					"DEBUG=1",
					"$(inherited)",
				);
				GCC_WARN_64_TO_32_BIT_CONVERSION = YES;
				GCC_WARN_ABOUT_RETURN_TYPE = YES_ERROR;
				GCC_WARN_UNDECLARED_SELECTOR = YES;
				GCC_WARN_UNINITIALIZED_AUTOS = YES_AGGRESSIVE;
				GCC_WARN_UNUSED_FUNCTION = YES;
				GCC_WARN_UNUSED_VARIABLE = YES;
				IPHONEOS_DEPLOYMENT_TARGET = 10.3;
				MTL_ENABLE_DEBUG_INFO = YES;
				ONLY_ACTIVE_ARCH = YES;
				SDKROOT = iphoneos;
				SWIFT_ACTIVE_COMPILATION_CONDITIONS = DEBUG;
				SWIFT_OPTIMIZATION_LEVEL = "-Onone";
			};
			name = Debug;
		};
		8266CA3E1F72A1F10096BA3A /* Release */ = {
			isa = XCBuildConfiguration;
			buildSettings = {
				ALWAYS_SEARCH_USER_PATHS = NO;
				CLANG_ANALYZER_NONNULL = YES;
				CLANG_ANALYZER_NUMBER_OBJECT_CONVERSION = YES_AGGRESSIVE;
				CLANG_CXX_LANGUAGE_STANDARD = "gnu++0x";
				CLANG_CXX_LIBRARY = "libc++";
				CLANG_ENABLE_MODULES = YES;
				CLANG_ENABLE_OBJC_ARC = YES;
				CLANG_WARN_BOOL_CONVERSION = YES;
				CLANG_WARN_CONSTANT_CONVERSION = YES;
				CLANG_WARN_DIRECT_OBJC_ISA_USAGE = YES_ERROR;
				CLANG_WARN_DOCUMENTATION_COMMENTS = YES;
				CLANG_WARN_EMPTY_BODY = YES;
				CLANG_WARN_ENUM_CONVERSION = YES;
				CLANG_WARN_INFINITE_RECURSION = YES;
				CLANG_WARN_INT_CONVERSION = YES;
				CLANG_WARN_OBJC_ROOT_CLASS = YES_ERROR;
				CLANG_WARN_SUSPICIOUS_MOVE = YES;
				CLANG_WARN_UNREACHABLE_CODE = YES;
				CLANG_WARN__DUPLICATE_METHOD_MATCH = YES;
				"CODE_SIGN_IDENTITY[sdk=iphoneos*]" = "iPhone Developer";
				COPY_PHASE_STRIP = NO;
				DEBUG_INFORMATION_FORMAT = "dwarf-with-dsym";
				ENABLE_NS_ASSERTIONS = NO;
				ENABLE_STRICT_OBJC_MSGSEND = YES;
				GCC_C_LANGUAGE_STANDARD = gnu99;
				GCC_NO_COMMON_BLOCKS = YES;
				GCC_WARN_64_TO_32_BIT_CONVERSION = YES;
				GCC_WARN_ABOUT_RETURN_TYPE = YES_ERROR;
				GCC_WARN_UNDECLARED_SELECTOR = YES;
				GCC_WARN_UNINITIALIZED_AUTOS = YES_AGGRESSIVE;
				GCC_WARN_UNUSED_FUNCTION = YES;
				GCC_WARN_UNUSED_VARIABLE = YES;
				IPHONEOS_DEPLOYMENT_TARGET = 10.3;
				MTL_ENABLE_DEBUG_INFO = NO;
				SDKROOT = iphoneos;
				SWIFT_OPTIMIZATION_LEVEL = "-Owholemodule";
				VALIDATE_PRODUCT = YES;
			};
			name = Release;
		};
		8266CA401F72A1F10096BA3A /* Debug */ = {
			isa = XCBuildConfiguration;
			buildSettings = {
				ASSETCATALOG_COMPILER_APPICON_NAME = AppIcon;
				DEVELOPMENT_TEAM = 5U294U2N56;
				INFOPLIST_FILE = StringValidation/Info.plist;
				LD_RUNPATH_SEARCH_PATHS = "$(inherited) @executable_path/Frameworks";
				PRODUCT_BUNDLE_IDENTIFIER = MAS.StringValidation;
				PRODUCT_NAME = "$(TARGET_NAME)";
				SWIFT_VERSION = 3.0;
			};
			name = Debug;
		};
		8266CA411F72A1F10096BA3A /* Release */ = {
			isa = XCBuildConfiguration;
			buildSettings = {
				ASSETCATALOG_COMPILER_APPICON_NAME = AppIcon;
				DEVELOPMENT_TEAM = 5U294U2N56;
				INFOPLIST_FILE = StringValidation/Info.plist;
				LD_RUNPATH_SEARCH_PATHS = "$(inherited) @executable_path/Frameworks";
				PRODUCT_BUNDLE_IDENTIFIER = MAS.StringValidation;
				PRODUCT_NAME = "$(TARGET_NAME)";
				SWIFT_VERSION = 3.0;
			};
			name = Release;
		};
/* End XCBuildConfiguration section */

/* Begin XCConfigurationList section */
		8266CA281F72A1F10096BA3A /* Build configuration list for PBXProject "StringValidation" */ = {
			isa = XCConfigurationList;
			buildConfigurations = (
				8266CA3D1F72A1F10096BA3A /* Debug */,
				8266CA3E1F72A1F10096BA3A /* Release */,
			);
			defaultConfigurationIsVisible = 0;
			defaultConfigurationName = Release;
		};
		8266CA3F1F72A1F10096BA3A /* Build configuration list for PBXNativeTarget "StringValidation" */ = {
			isa = XCConfigurationList;
			buildConfigurations = (
				8266CA401F72A1F10096BA3A /* Debug */,
				8266CA411F72A1F10096BA3A /* Release */,
			);
			defaultConfigurationIsVisible = 0;
		};
/* End XCConfigurationList section */
	};
	rootObject = 8266CA251F72A1F10096BA3A /* Project object */;
}
